
Microsoft Visual Studio Solution File, Format Version 12.00
# Visual Studio Version 16
VisualStudioVersion = 16.0.30517.126
MinimumVisualStudioVersion = 10.0.40219.1
Project("{9A19103F-16F7-4668-BE54-9A1E7A4F7556}") = "ConsoleUI", "ConsoleUI\ConsoleUI.csproj", "{212CF151-9CBA-464C-B902-D32DE3F2D0B3}"
EndProject
Project("{9A19103F-16F7-4668-BE54-9A1E7A4F7556}") = "DataAccess", "DataAccess\DataAccess.csproj", "{AD88DE87-9745-4CBA-862E-ED2B2B1B06AB}"
EndProject
Project("{9A19103F-16F7-4668-BE54-9A1E7A4F7556}") = "Entities", "Entities\Entities.csproj", "{81EB20E5-3DEF-43C8-B58C-44C5B3C8C8EE}"
EndProject
Project("{FAE04EC0-301F-11D3-BF4B-00C04F79EFBC}") = "WinFormUI", "WinFormUI\WinFormUI.csproj", "{6536A2B4-1F7C-4843-AE8B-812FAED41CAD}"
EndProject
Project("{FAE04EC0-301F-11D3-BF4B-00C04F79EFBC}") = "Business", "Services\Business.csproj", "{90B9EA26-A101-40D5-BA22-1884620A3323}"
EndProject
Global
	GlobalSection(SolutionConfigurationPlatforms) = preSolution
		Debug|Any CPU = Debug|Any CPU
		Release|Any CPU = Release|Any CPU
	EndGlobalSection
	GlobalSection(ProjectConfigurationPlatforms) = postSolution
		{212CF151-9CBA-464C-B902-D32DE3F2D0B3}.Debug|Any CPU.ActiveCfg = Debug|Any CPU
		{212CF151-9CBA-464C-B902-D32DE3F2D0B3}.Debug|Any CPU.Build.0 = Debug|Any CPU
		{212CF151-9CBA-464C-B902-D32DE3F2D0B3}.Release|Any CPU.ActiveCfg = Release|Any CPU
		{212CF151-9CBA-464C-B902-D32DE3F2D0B3}.Release|Any CPU.Build.0 = Release|Any CPU
		{AD88DE87-9745-4CBA-862E-ED2B2B1B06AB}.Debug|Any CPU.ActiveCfg = Debug|Any CPU
		{AD88DE87-9745-4CBA-862E-ED2B2B1B06AB}.Debug|Any CPU.Build.0 = Debug|Any CPU
		{AD88DE87-9745-4CBA-862E-ED2B2B1B06AB}.Release|Any CPU.ActiveCfg = Release|Any CPU
		{AD88DE87-9745-4CBA-862E-ED2B2B1B06AB}.Release|Any CPU.Build.0 = Release|Any CPU
		{81EB20E5-3DEF-43C8-B58C-44C5B3C8C8EE}.Debug|Any CPU.ActiveCfg = Debug|Any CPU
		{81EB20E5-3DEF-43C8-B58C-44C5B3C8C8EE}.Debug|Any CPU.Build.0 = Debug|Any CPU
		{81EB20E5-3DEF-43C8-B58C-44C5B3C8C8EE}.Release|Any CPU.ActiveCfg = Release|Any CPU
		{81EB20E5-3DEF-43C8-B58C-44C5B3C8C8EE}.Release|Any CPU.Build.0 = Release|Any CPU
		{6536A2B4-1F7C-4843-AE8B-812FAED41CAD}.Debug|Any CPU.ActiveCfg = Debug|Any CPU
		{6536A2B4-1F7C-4843-AE8B-812FAED41CAD}.Debug|Any CPU.Build.0 = Debug|Any CPU
		{6536A2B4-1F7C-4843-AE8B-812FAED41CAD}.Release|Any CPU.ActiveCfg = Release|Any CPU
		{6536A2B4-1F7C-4843-AE8B-812FAED41CAD}.Release|Any CPU.Build.0 = Release|Any CPU
		{90B9EA26-A101-40D5-BA22-1884620A3323}.Debug|Any CPU.ActiveCfg = Debug|Any CPU
		{90B9EA26-A101-40D5-BA22-1884620A3323}.Debug|Any CPU.Build.0 = Debug|Any CPU
		{90B9EA26-A101-40D5-BA22-1884620A3323}.Release|Any CPU.ActiveCfg = Release|Any CPU
		{90B9EA26-A101-40D5-BA22-1884620A3323}.Release|Any CPU.Build.0 = Release|Any CPU
	EndGlobalSection
	GlobalSection(SolutionProperties) = preSolution
		HideSolutionNode = FALSE
	EndGlobalSection
	GlobalSection(ExtensibilityGlobals) = postSolution
		SolutionGuid = {62CB05C6-AC65-4FEE-8A49-33B52D79C26E}
	EndGlobalSection
EndGlobal
